
Microsoft Visual Studio Solution File, Format Version 12.00
# Visual Studio Version 17
VisualStudioVersion = 17.7.34003.232
MinimumVisualStudioVersion = 10.0.40219.1
Project("{FAE04EC0-301F-11D3-BF4B-00C04F79EFBC}") = "Lists_Price_Jacob", "Lists_Price_Jacob.csproj", "{FFCFF4BC-0FCD-4F1C-BBDA-5B36E3E76BAD}"
EndProject
Global
	GlobalSection(SolutionConfigurationPlatforms) = preSolution
		Debug|Any CPU = Debug|Any CPU
		Release|Any CPU = Release|Any CPU
	EndGlobalSection
	GlobalSection(ProjectConfigurationPlatforms) = postSolution
		{FFCFF4BC-0FCD-4F1C-BBDA-5B36E3E76BAD}.Debug|Any CPU.ActiveCfg = Debug|Any CPU
		{FFCFF4BC-0FCD-4F1C-BBDA-5B36E3E76BAD}.Debug|Any CPU.Build.0 = Debug|Any CPU
		{FFCFF4BC-0FCD-4F1C-BBDA-5B36E3E76BAD}.Release|Any CPU.ActiveCfg = Release|Any CPU
		{FFCFF4BC-0FCD-4F1C-BBDA-5B36E3E76BAD}.Release|Any CPU.Build.0 = Release|Any CPU
	EndGlobalSection
	GlobalSection(SolutionProperties) = preSolution
		HideSolutionNode = FALSE
	EndGlobalSection
	GlobalSection(ExtensibilityGlobals) = postSolution
		SolutionGuid = {50A93923-2D76-440B-84CD-EB674459A852}
	EndGlobalSection
EndGlobal
